PODS:
  - AFNetworking (2.6.3):
    - AFNetworking/NSURLConnection (= 2.6.3)
    - AFNetworking/NSURLSession (= 2.6.3)
    - AFNetworking/Reachability (= 2.6.3)
    - AFNetworking/Security (= 2.6.3)
    - AFNetworking/Serialization (= 2.6.3)
    - AFNetworking/UIKit (= 2.6.3)
  - AFNetworking/NSURLConnection (2.6.3):
    - AFNetworking/Reachability
    - AFNetworking/Security
    - AFNetworking/Serialization
  - AFNetworking/NSURLSession (2.6.3):
    - AFNetworking/Reachability
    - AFNetworking/Security
    - AFNetworking/Serialization
  - AFNetworking/Reachability (2.6.3)
  - AFNetworking/Security (2.6.3)
  - AFNetworking/Serialization (2.6.3)
  - AFNetworking/UIKit (2.6.3):
    - AFNetworking/NSURLConnection
    - AFNetworking/NSURLSession
  - Crary (0.4.0):
    - Crary/Dialog (= 0.4.0)
    - Crary/RestClient (= 0.4.0)
    - Crary/Util (= 0.4.0)
  - Crary/Dialog (0.4.0)
  - Crary/RestClient (0.4.0):
    - AFNetworking (~> 2.0)
    - Crary/Util
    - DCKeyValueObjectMapping
    - ObjectMapper
  - Crary/Util (0.4.0)
  - DCKeyValueObjectMapping (1.5)
  - Expecta (0.3.1)
  - ObjectMapper (1.1.0)
  - Specta (1.0.4)

DEPENDENCIES:
  - Crary (from `../`)
  - Expecta
  - Specta

EXTERNAL SOURCES:
  Crary:
    :path: "../"

SPEC CHECKSUMS:
  AFNetworking: cb8d14a848e831097108418f5d49217339d4eb60
  Crary: b9a839b3cd6a276ff400810431f43bf03a3e4387
  DCKeyValueObjectMapping: c2eb5a6529da100b2e49ef6a599663578051f077
  Expecta: a354d4633409dd9fe8c4f5ff5130426adbe31628
  ObjectMapper: 365eac5aac06ae9298978fb2482b3d4c5ef4bb5d
  Specta: 69bb134672aae190a1379ff91df07dad8dd1f869

COCOAPODS: 0.39.0
