PODS:
  - AFNetworking (3.1.0):
    - AFNetworking/NSURLSession (= 3.1.0)
    - AFNetworking/Reachability (= 3.1.0)
    - AFNetworking/Security (= 3.1.0)
    - AFNetworking/Serialization (= 3.1.0)
    - AFNetworking/UIKit (= 3.1.0)
  - AFNetworking/NSURLSession (3.1.0):
    - AFNetworking/Reachability
    - AFNetworking/Security
    - AFNetworking/Serialization
  - AFNetworking/Reachability (3.1.0)
  - AFNetworking/Security (3.1.0)
  - AFNetworking/Serialization (3.1.0)
  - AFNetworking/UIKit (3.1.0):
    - AFNetworking/NSURLSession
  - Crary (0.6.0):
    - Crary/Dialog (= 0.6.0)
    - Crary/RestClient (= 0.6.0)
    - Crary/Util (= 0.6.0)
  - Crary/Dialog (0.6.0)
  - Crary/RestClient (0.6.0):
    - AFNetworking
    - Crary/Util
    - DCKeyValueObjectMapping
    - ObjectMapper
  - Crary/Util (0.6.0)
  - DCKeyValueObjectMapping (1.5)
  - Expecta (1.0.5)
  - ObjectMapper (2.2.1)
  - Specta (1.0.5)

DEPENDENCIES:
  - Crary (from `../`)
  - Expecta
  - Specta

EXTERNAL SOURCES:
  Crary:
    :path: "../"

SPEC CHECKSUMS:
  AFNetworking: 5e0e199f73d8626b11e79750991f5d173d1f8b67
  Crary: 22a50ef16d1d3c0db552f61bd1ea40adeb855954
  DCKeyValueObjectMapping: c2eb5a6529da100b2e49ef6a599663578051f077
  Expecta: e1c022fcd33910b6be89c291d2775b3fe27a89fe
  ObjectMapper: 41e43e1a89f8060ef5ea5d04ba852e269a621d68
  Specta: ac94d110b865115fe60ff2c6d7281053c6f8e8a2

PODFILE CHECKSUM: 9156353399092af86efeefdb11b7b03eab476656

COCOAPODS: 1.1.1
